
Microsoft Visual Studio Solution File, Format Version 12.00
# Visual Studio Version 17
VisualStudioVersion = 17.0.31903.59
MinimumVisualStudioVersion = 10.0.40219.1
Project("{2150E333-8FDC-42A3-9474-1A3956D46DE8}") = "src", "src", "{827E0CD3-B72D-47B6-A68D-7590B98EB39B}"
EndProject
Project("{FAE04EC0-301F-11D3-BF4B-00C04F79EFBC}") = "Backlog.Domain", "src\Backlog.Domain\Backlog.Domain.csproj", "{CC37BD5C-3FB8-41BF-9ABC-37570EC05EFE}"
EndProject
Project("{FAE04EC0-301F-11D3-BF4B-00C04F79EFBC}") = "Backlog.Application", "src\Backlog.Application\Backlog.Application.csproj", "{B58DA169-ECE1-45C5-936A-0574ED426AD5}"
EndProject
Project("{FAE04EC0-301F-11D3-BF4B-00C04F79EFBC}") = "Backlog.Infrastructure", "src\Backlog.Infrastructure\Backlog.Infrastructure.csproj", "{9DBAC87E-964E-4E40-AB9E-A08748C1F293}"
EndProject
Project("{FAE04EC0-301F-11D3-BF4B-00C04F79EFBC}") = "Backlog.Api", "src\Backlog.Api\Backlog.Api.csproj", "{1995C5B8-FA6F-47A5-AD0B-F62A783076A9}"
EndProject
Project("{2150E333-8FDC-42A3-9474-1A3956D46DE8}") = "tests", "tests", "{0AB3BF05-4346-4AA6-1389-037BE0695223}"
EndProject
Project("{FAE04EC0-301F-11D3-BF4B-00C04F79EFBC}") = "Backlog.UnitTests", "tests\Backlog.UnitTests\Backlog.UnitTests.csproj", "{435A1806-7D21-41FB-93AC-C322315F0ADA}"
EndProject
Project("{FAE04EC0-301F-11D3-BF4B-00C04F79EFBC}") = "Backlog.IntegrationTests", "tests\Backlog.IntegrationTests\Backlog.IntegrationTests.csproj", "{B795E3D3-816A-4F32-8FDE-54DBDD84FC4E}"
EndProject
Global
	GlobalSection(SolutionConfigurationPlatforms) = preSolution
		Debug|Any CPU = Debug|Any CPU
		Debug|x64 = Debug|x64
		Debug|x86 = Debug|x86
		Release|Any CPU = Release|Any CPU
		Release|x64 = Release|x64
		Release|x86 = Release|x86
	EndGlobalSection
	GlobalSection(ProjectConfigurationPlatforms) = postSolution
		{CC37BD5C-3FB8-41BF-9ABC-37570EC05EFE}.Debug|Any CPU.ActiveCfg = Debug|Any CPU
		{CC37BD5C-3FB8-41BF-9ABC-37570EC05EFE}.Debug|Any CPU.Build.0 = Debug|Any CPU
		{CC37BD5C-3FB8-41BF-9ABC-37570EC05EFE}.Debug|x64.ActiveCfg = Debug|Any CPU
		{CC37BD5C-3FB8-41BF-9ABC-37570EC05EFE}.Debug|x64.Build.0 = Debug|Any CPU
		{CC37BD5C-3FB8-41BF-9ABC-37570EC05EFE}.Debug|x86.ActiveCfg = Debug|Any CPU
		{CC37BD5C-3FB8-41BF-9ABC-37570EC05EFE}.Debug|x86.Build.0 = Debug|Any CPU
		{CC37BD5C-3FB8-41BF-9ABC-37570EC05EFE}.Release|Any CPU.ActiveCfg = Release|Any CPU
		{CC37BD5C-3FB8-41BF-9ABC-37570EC05EFE}.Release|Any CPU.Build.0 = Release|Any CPU
		{CC37BD5C-3FB8-41BF-9ABC-37570EC05EFE}.Release|x64.ActiveCfg = Release|Any CPU
		{CC37BD5C-3FB8-41BF-9ABC-37570EC05EFE}.Release|x64.Build.0 = Release|Any CPU
		{CC37BD5C-3FB8-41BF-9ABC-37570EC05EFE}.Release|x86.ActiveCfg = Release|Any CPU
		{CC37BD5C-3FB8-41BF-9ABC-37570EC05EFE}.Release|x86.Build.0 = Release|Any CPU
		{B58DA169-ECE1-45C5-936A-0574ED426AD5}.Debug|Any CPU.ActiveCfg = Debug|Any CPU
		{B58DA169-ECE1-45C5-936A-0574ED426AD5}.Debug|Any CPU.Build.0 = Debug|Any CPU
		{B58DA169-ECE1-45C5-936A-0574ED426AD5}.Debug|x64.ActiveCfg = Debug|Any CPU
		{B58DA169-ECE1-45C5-936A-0574ED426AD5}.Debug|x64.Build.0 = Debug|Any CPU
		{B58DA169-ECE1-45C5-936A-0574ED426AD5}.Debug|x86.ActiveCfg = Debug|Any CPU
		{B58DA169-ECE1-45C5-936A-0574ED426AD5}.Debug|x86.Build.0 = Debug|Any CPU
		{B58DA169-ECE1-45C5-936A-0574ED426AD5}.Release|Any CPU.ActiveCfg = Release|Any CPU
		{B58DA169-ECE1-45C5-936A-0574ED426AD5}.Release|Any CPU.Build.0 = Release|Any CPU
		{B58DA169-ECE1-45C5-936A-0574ED426AD5}.Release|x64.ActiveCfg = Release|Any CPU
		{B58DA169-ECE1-45C5-936A-0574ED426AD5}.Release|x64.Build.0 = Release|Any CPU
		{B58DA169-ECE1-45C5-936A-0574ED426AD5}.Release|x86.ActiveCfg = Release|Any CPU
		{B58DA169-ECE1-45C5-936A-0574ED426AD5}.Release|x86.Build.0 = Release|Any CPU
		{9DBAC87E-964E-4E40-AB9E-A08748C1F293}.Debug|Any CPU.ActiveCfg = Debug|Any CPU
		{9DBAC87E-964E-4E40-AB9E-A08748C1F293}.Debug|Any CPU.Build.0 = Debug|Any CPU
		{9DBAC87E-964E-4E40-AB9E-A08748C1F293}.Debug|x64.ActiveCfg = Debug|Any CPU
		{9DBAC87E-964E-4E40-AB9E-A08748C1F293}.Debug|x64.Build.0 = Debug|Any CPU
		{9DBAC87E-964E-4E40-AB9E-A08748C1F293}.Debug|x86.ActiveCfg = Debug|Any CPU
		{9DBAC87E-964E-4E40-AB9E-A08748C1F293}.Debug|x86.Build.0 = Debug|Any CPU
		{9DBAC87E-964E-4E40-AB9E-A08748C1F293}.Release|Any CPU.ActiveCfg = Release|Any CPU
		{9DBAC87E-964E-4E40-AB9E-A08748C1F293}.Release|Any CPU.Build.0 = Release|Any CPU
		{9DBAC87E-964E-4E40-AB9E-A08748C1F293}.Release|x64.ActiveCfg = Release|Any CPU
		{9DBAC87E-964E-4E40-AB9E-A08748C1F293}.Release|x64.Build.0 = Release|Any CPU
		{9DBAC87E-964E-4E40-AB9E-A08748C1F293}.Release|x86.ActiveCfg = Release|Any CPU
		{9DBAC87E-964E-4E40-AB9E-A08748C1F293}.Release|x86.Build.0 = Release|Any CPU
		{1995C5B8-FA6F-47A5-AD0B-F62A783076A9}.Debug|Any CPU.ActiveCfg = Debug|Any CPU
		{1995C5B8-FA6F-47A5-AD0B-F62A783076A9}.Debug|Any CPU.Build.0 = Debug|Any CPU
		{1995C5B8-FA6F-47A5-AD0B-F62A783076A9}.Debug|x64.ActiveCfg = Debug|Any CPU
		{1995C5B8-FA6F-47A5-AD0B-F62A783076A9}.Debug|x64.Build.0 = Debug|Any CPU
		{1995C5B8-FA6F-47A5-AD0B-F62A783076A9}.Debug|x86.ActiveCfg = Debug|Any CPU
		{1995C5B8-FA6F-47A5-AD0B-F62A783076A9}.Debug|x86.Build.0 = Debug|Any CPU
		{1995C5B8-FA6F-47A5-AD0B-F62A783076A9}.Release|Any CPU.ActiveCfg = Release|Any CPU
		{1995C5B8-FA6F-47A5-AD0B-F62A783076A9}.Release|Any CPU.Build.0 = Release|Any CPU
		{1995C5B8-FA6F-47A5-AD0B-F62A783076A9}.Release|x64.ActiveCfg = Release|Any CPU
		{1995C5B8-FA6F-47A5-AD0B-F62A783076A9}.Release|x64.Build.0 = Release|Any CPU
		{1995C5B8-FA6F-47A5-AD0B-F62A783076A9}.Release|x86.ActiveCfg = Release|Any CPU
		{1995C5B8-FA6F-47A5-AD0B-F62A783076A9}.Release|x86.Build.0 = Release|Any CPU
		{435A1806-7D21-41FB-93AC-C322315F0ADA}.Debug|Any CPU.ActiveCfg = Debug|Any CPU
		{435A1806-7D21-41FB-93AC-C322315F0ADA}.Debug|Any CPU.Build.0 = Debug|Any CPU
		{435A1806-7D21-41FB-93AC-C322315F0ADA}.Debug|x64.ActiveCfg = Debug|Any CPU
		{435A1806-7D21-41FB-93AC-C322315F0ADA}.Debug|x64.Build.0 = Debug|Any CPU
		{435A1806-7D21-41FB-93AC-C322315F0ADA}.Debug|x86.ActiveCfg = Debug|Any CPU
		{435A1806-7D21-41FB-93AC-C322315F0ADA}.Debug|x86.Build.0 = Debug|Any CPU
		{435A1806-7D21-41FB-93AC-C322315F0ADA}.Release|Any CPU.ActiveCfg = Release|Any CPU
		{435A1806-7D21-41FB-93AC-C322315F0ADA}.Release|Any CPU.Build.0 = Release|Any CPU
		{435A1806-7D21-41FB-93AC-C322315F0ADA}.Release|x64.ActiveCfg = Release|Any CPU
		{435A1806-7D21-41FB-93AC-C322315F0ADA}.Release|x64.Build.0 = Release|Any CPU
		{435A1806-7D21-41FB-93AC-C322315F0ADA}.Release|x86.ActiveCfg = Release|Any CPU
		{435A1806-7D21-41FB-93AC-C322315F0ADA}.Release|x86.Build.0 = Release|Any CPU
		{B795E3D3-816A-4F32-8FDE-54DBDD84FC4E}.Debug|Any CPU.ActiveCfg = Debug|Any CPU
		{B795E3D3-816A-4F32-8FDE-54DBDD84FC4E}.Debug|Any CPU.Build.0 = Debug|Any CPU
		{B795E3D3-816A-4F32-8FDE-54DBDD84FC4E}.Debug|x64.ActiveCfg = Debug|Any CPU
		{B795E3D3-816A-4F32-8FDE-54DBDD84FC4E}.Debug|x64.Build.0 = Debug|Any CPU
		{B795E3D3-816A-4F32-8FDE-54DBDD84FC4E}.Debug|x86.ActiveCfg = Debug|Any CPU
		{B795E3D3-816A-4F32-8FDE-54DBDD84FC4E}.Debug|x86.Build.0 = Debug|Any CPU
		{B795E3D3-816A-4F32-8FDE-54DBDD84FC4E}.Release|Any CPU.ActiveCfg = Release|Any CPU
		{B795E3D3-816A-4F32-8FDE-54DBDD84FC4E}.Release|Any CPU.Build.0 = Release|Any CPU
		{B795E3D3-816A-4F32-8FDE-54DBDD84FC4E}.Release|x64.ActiveCfg = Release|Any CPU
		{B795E3D3-816A-4F32-8FDE-54DBDD84FC4E}.Release|x64.Build.0 = Release|Any CPU
		{B795E3D3-816A-4F32-8FDE-54DBDD84FC4E}.Release|x86.ActiveCfg = Release|Any CPU
		{B795E3D3-816A-4F32-8FDE-54DBDD84FC4E}.Release|x86.Build.0 = Release|Any CPU
	EndGlobalSection
	GlobalSection(SolutionProperties) = preSolution
		HideSolutionNode = FALSE
	EndGlobalSection
	GlobalSection(NestedProjects) = preSolution
		{CC37BD5C-3FB8-41BF-9ABC-37570EC05EFE} = {827E0CD3-B72D-47B6-A68D-7590B98EB39B}
		{B58DA169-ECE1-45C5-936A-0574ED426AD5} = {827E0CD3-B72D-47B6-A68D-7590B98EB39B}
		{9DBAC87E-964E-4E40-AB9E-A08748C1F293} = {827E0CD3-B72D-47B6-A68D-7590B98EB39B}
		{1995C5B8-FA6F-47A5-AD0B-F62A783076A9} = {827E0CD3-B72D-47B6-A68D-7590B98EB39B}
		{435A1806-7D21-41FB-93AC-C322315F0ADA} = {0AB3BF05-4346-4AA6-1389-037BE0695223}
		{B795E3D3-816A-4F32-8FDE-54DBDD84FC4E} = {0AB3BF05-4346-4AA6-1389-037BE0695223}
	EndGlobalSection
EndGlobal
